
Microsoft Visual Studio Solution File, Format Version 12.00
# Visual Studio 15
VisualStudioVersion = 15.0.28307.779
MinimumVisualStudioVersion = 10.0.40219.1
Project("{FAE04EC0-301F-11D3-BF4B-00C04F79EFBC}") = "TaskTimer", "TaskTimer.csproj", "{C3C1D75E-293C-45BA-9E9F-9C8E0A5657ED}"
EndProject
Global
	GlobalSection(SolutionConfigurationPlatforms) = preSolution
		Debug|Any CPU = Debug|Any CPU
		Release|Any CPU = Release|Any CPU
	EndGlobalSection
	GlobalSection(ProjectConfigurationPlatforms) = postSolution
		{C3C1D75E-293C-45BA-9E9F-9C8E0A5657ED}.Debug|Any CPU.ActiveCfg = Debug|Any CPU
		{C3C1D75E-293C-45BA-9E9F-9C8E0A5657ED}.Debug|Any CPU.Build.0 = Debug|Any CPU
		{C3C1D75E-293C-45BA-9E9F-9C8E0A5657ED}.Release|Any CPU.ActiveCfg = Release|Any CPU
		{C3C1D75E-293C-45BA-9E9F-9C8E0A5657ED}.Release|Any CPU.Build.0 = Release|Any CPU
	EndGlobalSection
	GlobalSection(SolutionProperties) = preSolution
		HideSolutionNode = FALSE
	EndGlobalSection
	GlobalSection(ExtensibilityGlobals) = postSolution
		SolutionGuid = {9D42F1AF-2854-49CA-A191-45C58186F73C}
	EndGlobalSection
EndGlobal
